
Microsoft Visual Studio Solution File, Format Version 12.00
# Visual Studio Version 17
VisualStudioVersion = 17.5.33414.496
MinimumVisualStudioVersion = 10.0.40219.1
Project("{FAE04EC0-301F-11D3-BF4B-00C04F79EFBC}") = "CompanyEmployees", "CompanyEmployees\CompanyEmployees.csproj", "{47FF5F7F-670C-4D96-BB92-AF3EB53A57DD}"
EndProject
Project("{FAE04EC0-301F-11D3-BF4B-00C04F79EFBC}") = "Contracts", "Contracts\Contracts.csproj", "{49242A35-BD1A-497E-A35F-8310669CB364}"
EndProject
Project("{FAE04EC0-301F-11D3-BF4B-00C04F79EFBC}") = "LoggerService", "LoggerService\LoggerService.csproj", "{A9E67BCB-ED9F-433C-8A4C-882BFC6B6C45}"
EndProject
Global
	GlobalSection(SolutionConfigurationPlatforms) = preSolution
		Debug|Any CPU = Debug|Any CPU
		Release|Any CPU = Release|Any CPU
	EndGlobalSection
	GlobalSection(ProjectConfigurationPlatforms) = postSolution
		{47FF5F7F-670C-4D96-BB92-AF3EB53A57DD}.Debug|Any CPU.ActiveCfg = Debug|Any CPU
		{47FF5F7F-670C-4D96-BB92-AF3EB53A57DD}.Debug|Any CPU.Build.0 = Debug|Any CPU
		{47FF5F7F-670C-4D96-BB92-AF3EB53A57DD}.Release|Any CPU.ActiveCfg = Release|Any CPU
		{47FF5F7F-670C-4D96-BB92-AF3EB53A57DD}.Release|Any CPU.Build.0 = Release|Any CPU
		{49242A35-BD1A-497E-A35F-8310669CB364}.Debug|Any CPU.ActiveCfg = Debug|Any CPU
		{49242A35-BD1A-497E-A35F-8310669CB364}.Debug|Any CPU.Build.0 = Debug|Any CPU
		{49242A35-BD1A-497E-A35F-8310669CB364}.Release|Any CPU.ActiveCfg = Release|Any CPU
		{49242A35-BD1A-497E-A35F-8310669CB364}.Release|Any CPU.Build.0 = Release|Any CPU
		{A9E67BCB-ED9F-433C-8A4C-882BFC6B6C45}.Debug|Any CPU.ActiveCfg = Debug|Any CPU
		{A9E67BCB-ED9F-433C-8A4C-882BFC6B6C45}.Debug|Any CPU.Build.0 = Debug|Any CPU
		{A9E67BCB-ED9F-433C-8A4C-882BFC6B6C45}.Release|Any CPU.ActiveCfg = Release|Any CPU
		{A9E67BCB-ED9F-433C-8A4C-882BFC6B6C45}.Release|Any CPU.Build.0 = Release|Any CPU
	EndGlobalSection
	GlobalSection(SolutionProperties) = preSolution
		HideSolutionNode = FALSE
	EndGlobalSection
	GlobalSection(ExtensibilityGlobals) = postSolution
		SolutionGuid = {240CB9D5-C288-462F-A104-A0DF59C71DAE}
	EndGlobalSection
EndGlobal
